
Microsoft Visual Studio Solution File, Format Version 12.00
# Visual Studio Version 17
VisualStudioVersion = 17.7.34031.279
MinimumVisualStudioVersion = 10.0.40219.1
Project("{FAE04EC0-301F-11D3-BF4B-00C04F79EFBC}") = "IDMS", "IDMS\IDMS.csproj", "{FAB281EC-6836-4991-96C3-0EFBA5D2B76F}"
EndProject
Project("{2150E333-8FDC-42A3-9474-1A3956D46DE8}") = "Solution Items", "Solution Items", "{6FE3A68A-194D-46B8-A642-B92216BB3DB6}"
EndProject
Global
	GlobalSection(SolutionConfigurationPlatforms) = preSolution
		Debug|Any CPU = Debug|Any CPU
		Release|Any CPU = Release|Any CPU
	EndGlobalSection
	GlobalSection(ProjectConfigurationPlatforms) = postSolution
		{FAB281EC-6836-4991-96C3-0EFBA5D2B76F}.Debug|Any CPU.ActiveCfg = Debug|Any CPU
		{FAB281EC-6836-4991-96C3-0EFBA5D2B76F}.Debug|Any CPU.Build.0 = Debug|Any CPU
		{FAB281EC-6836-4991-96C3-0EFBA5D2B76F}.Release|Any CPU.ActiveCfg = Release|Any CPU
		{FAB281EC-6836-4991-96C3-0EFBA5D2B76F}.Release|Any CPU.Build.0 = Release|Any CPU
	EndGlobalSection
	GlobalSection(SolutionProperties) = preSolution
		HideSolutionNode = FALSE
	EndGlobalSection
	GlobalSection(ExtensibilityGlobals) = postSolution
		SolutionGuid = {09461AC9-E89F-4649-BBF9-44C939DC094C}
	EndGlobalSection
EndGlobal
